<?xml version="1.0" encoding="utf-8"?>
<Project ToolsVersion="4.0" xmlns="http://schemas.microsoft.com/developer/msbuild/2003">
  <ItemGroup>
    <Filter Include="win32">
      <UniqueIdentifier>{84a8ebd7-7cf0-47f6-b75e-d441df67da40}</UniqueIdentifier>
    </Filter>
    <Filter Include="Classes">
      <UniqueIdentifier>{bb6c862e-70e9-49d9-81b7-3829a6f50471}</UniqueIdentifier>
    </Filter>
    <Filter Include="Resource">
      <UniqueIdentifier>{2e187858-8b32-4edf-b840-492bfe8254f4}</UniqueIdentifier>
    </Filter>
    <Filter Include="Resource\music">
      <UniqueIdentifier>{0c0cc922-f11e-4d89-a39c-86960d75f839}</UniqueIdentifier>
    </Filter>
    <Filter Include="Resource\game">
      <UniqueIdentifier>{9d1d6480-1de6-497a-9968-2e610f04b420}</UniqueIdentifier>
    </Filter>
    <Filter Include="Resource\bg">
      <UniqueIdentifier>{0f7b1dd1-74f5-41ce-8760-31132ea979d2}</UniqueIdentifier>
    </Filter>
  </ItemGroup>
  <ItemGroup>
    <ClCompile Include="main.cpp">
      <Filter>win32</Filter>
    </ClCompile>
    <ClCompile Include="..\Classes\AppDelegate.cpp">
      <Filter>Classes</Filter>
    </ClCompile>
    <ClCompile Include="..\Classes\HelloWorldScene.cpp">
      <Filter>Classes</Filter>
    </ClCompile>
    <ClCompile Include="..\Classes\GameOverScene.cpp">
      <Filter>Classes</Filter>
    </ClCompile>
    <ClCompile Include="..\Classes\StartScene.cpp">
      <Filter>Classes</Filter>
    </ClCompile>
    <ClCompile Include="..\Classes\PauseLayer.cpp">
      <Filter>Classes</Filter>
    </ClCompile>
  </ItemGroup>
  <ItemGroup>
    <ClInclude Include="main.h">
      <Filter>win32</Filter>
    </ClInclude>
    <ClInclude Include="..\Classes\AppDelegate.h">
      <Filter>Classes</Filter>
    </ClInclude>
    <ClInclude Include="..\Classes\HelloWorldScene.h">
      <Filter>Classes</Filter>
    </ClInclude>
    <ClInclude Include="..\Classes\GameOverScene.h">
      <Filter>Classes</Filter>
    </ClInclude>
    <ClInclude Include="..\Classes\StartScene.h">
      <Filter>Classes</Filter>
    </ClInclude>
    <ClInclude Include="..\Classes\PauseLayer.h">
      <Filter>Classes</Filter>
    </ClInclude>
  </ItemGroup>
  <ItemGroup>
    <None Include="..\Resources\sound\achievement.mp3">
      <Filter>Resource\music</Filter>
    </None>
    <None Include="..\Resources\sound\use_bomb.mp3">
      <Filter>Resource\music</Filter>
    </None>
    <None Include="..\Resources\sound\big_spaceship_flying.mp3">
      <Filter>Resource\music</Filter>
    </None>
    <None Include="..\Resources\sound\bullet.mp3">
      <Filter>Resource\music</Filter>
    </None>
    <None Include="..\Resources\sound\button.mp3">
      <Filter>Resource\music</Filter>
    </None>
    <None Include="..\Resources\sound\enemy0_down.mp3">
      <Filter>Resource\music</Filter>
    </None>
    <None Include="..\Resources\sound\enemy1_down.mp3">
      <Filter>Resource\music</Filter>
    </None>
    <None Include="..\Resources\sound\enemy2_down.mp3">
      <Filter>Resource\music</Filter>
    </None>
    <None Include="..\Resources\sound\game_music.mp3">
      <Filter>Resource\music</Filter>
    </None>
    <None Include="..\Resources\sound\game_over.mp3">
      <Filter>Resource\music</Filter>
    </None>
    <None Include="..\Resources\sound\get_bomb.mp3">
      <Filter>Resource\music</Filter>
    </None>
    <None Include="..\Resources\sound\get_double_laser.mp3">
      <Filter>Resource\music</Filter>
    </None>
    <None Include="..\Resources\sound\out_porp.mp3">
      <Filter>Resource\music</Filter>
    </None>
    <None Include="..\Resources\game\bg.png">
      <Filter>Resource\game</Filter>
    </None>
    <None Include="..\Resources\game\shoot.plist">
      <Filter>Resource\game</Filter>
    </None>
    <None Include="..\Resources\game\shoot.png">
      <Filter>Resource\game</Filter>
    </None>
    <None Include="..\Resources\bg\bg.plist">
      <Filter>Resource\bg</Filter>
    </None>
    <None Include="..\Resources\bg\bg.png">
      <Filter>Resource\bg</Filter>
    </None>
  </ItemGroup>
</Project>